// !$*UTF8*$!
{
	archiveVersion = 1;
	classes = {
	};
	objectVersion = 46;
	objects = {

/* Begin PBXBuildFile section */
		019F024318E1BE2900B66E7B /* Foundation.framework in Frameworks */ = {isa = PBXBuildFile; fileRef = 019F024218E1BE2900B66E7B /* Foundation.framework */; };
		019F024518E1BE2900B66E7B /* CoreGraphics.framework in Frameworks */ = {isa = PBXBuildFile; fileRef = 019F024418E1BE2900B66E7B /* CoreGraphics.framework */; };
		019F024718E1BE2900B66E7B /* UIKit.framework in Frameworks */ = {isa = PBXBuildFile; fileRef = 019F024618E1BE2900B66E7B /* UIKit.framework */; };
		019F024D18E1BE2900B66E7B /* InfoPlist.strings in Resources */ = {isa = PBXBuildFile; fileRef = 019F024B18E1BE2900B66E7B /* InfoPlist.strings */; };
		019F024F18E1BE2900B66E7B /* main.m in Sources */ = {isa = PBXBuildFile; fileRef = 019F024E18E1BE2900B66E7B /* main.m */; };
		019F025318E1BE2900B66E7B /* MSAppDelegate.m in Sources */ = {isa = PBXBuildFile; fileRef = 019F025218E1BE2900B66E7B /* MSAppDelegate.m */; };
		019F025618E1BE2900B66E7B /* Main.storyboard in Resources */ = {isa = PBXBuildFile; fileRef = 019F025418E1BE2900B66E7B /* Main.storyboard */; };
		019F025918E1BE2900B66E7B /* MSViewController.m in Sources */ = {isa = PBXBuildFile; fileRef = 019F025818E1BE2900B66E7B /* MSViewController.m */; };
		019F025B18E1BE2900B66E7B /* Images.xcassets in Resources */ = {isa = PBXBuildFile; fileRef = 019F025A18E1BE2900B66E7B /* Images.xcassets */; };
		019F026218E1BE2900B66E7B /* XCTest.framework in Frameworks */ = {isa = PBXBuildFile; fileRef = 019F026118E1BE2900B66E7B /* XCTest.framework */; };
		019F026318E1BE2900B66E7B /* Foundation.framework in Frameworks */ = {isa = PBXBuildFile; fileRef = 019F024218E1BE2900B66E7B /* Foundation.framework */; };
		019F026418E1BE2900B66E7B /* UIKit.framework in Frameworks */ = {isa = PBXBuildFile; fileRef = 019F024618E1BE2900B66E7B /* UIKit.framework */; };
		019F026C18E1BE2900B66E7B /* InfoPlist.strings in Resources */ = {isa = PBXBuildFile; fileRef = 019F026A18E1BE2900B66E7B /* InfoPlist.strings */; };
		019F026E18E1BE2900B66E7B /* MSLazyImageViewTests.m in Sources */ = {isa = PBXBuildFile; fileRef = 019F026D18E1BE2900B66E7B /* MSLazyImageViewTests.m */; };
		019F027A18E1C24E00B66E7B /* MSLazyImageView.m in Sources */ = {isa = PBXBuildFile; fileRef = 019F027918E1C24E00B66E7B /* MSLazyImageView.m */; };
/* End PBXBuildFile section */

/* Begin PBXContainerItemProxy section */
		019F026518E1BE2900B66E7B /* PBXContainerItemProxy */ = {
			isa = PBXContainerItemProxy;
			containerPortal = 019F023718E1BE2900B66E7B /* Project object */;
			proxyType = 1;
			remoteGlobalIDString = 019F023E18E1BE2900B66E7B;
			remoteInfo = MSLazyImageView;
		};
/* End PBXContainerItemProxy section */

/* Begin PBXFileReference section */
		019F023F18E1BE2900B66E7B /* MSLazyImageView.app */ = {isa = PBXFileReference; explicitFileType = wrapper.application; includeInIndex = 0; path = MSLazyImageView.app; sourceTree = BUILT_PRODUCTS_DIR; };
		019F024218E1BE2900B66E7B /* Foundation.framework */ = {isa = PBXFileReference; lastKnownFileType = wrapper.framework; name = Foundation.framework; path = System/Library/Frameworks/Foundation.framework; sourceTree = SDKROOT; };
		019F024418E1BE2900B66E7B /* CoreGraphics.framework */ = {isa = PBXFileReference; lastKnownFileType = wrapper.framework; name = CoreGraphics.framework; path = System/Library/Frameworks/CoreGraphics.framework; sourceTree = SDKROOT; };
		019F024618E1BE2900B66E7B /* UIKit.framework */ = {isa = PBXFileReference; lastKnownFileType = wrapper.framework; name = UIKit.framework; path = System/Library/Frameworks/UIKit.framework; sourceTree = SDKROOT; };
		019F024A18E1BE2900B66E7B /* MSLazyImageView-Info.plist */ = {isa = PBXFileReference; lastKnownFileType = text.plist.xml; path = "MSLazyImageView-Info.plist"; sourceTree = "<group>"; };
		019F024C18E1BE2900B66E7B /* en */ = {isa = PBXFileReference; lastKnownFileType = text.plist.strings; name = en; path = en.lproj/InfoPlist.strings; sourceTree = "<group>"; };
		019F024E18E1BE2900B66E7B /* main.m */ = {isa = PBXFileReference; lastKnownFileType = sourcecode.c.objc; path = main.m; sourceTree = "<group>"; };
		019F025018E1BE2900B66E7B /* MSLazyImageView-Prefix.pch */ = {isa = PBXFileReference; lastKnownFileType = sourcecode.c.h; path = "MSLazyImageView-Prefix.pch"; sourceTree = "<group>"; };
		019F025118E1BE2900B66E7B /* MSAppDelegate.h */ = {isa = PBXFileReference; lastKnownFileType = sourcecode.c.h; path = MSAppDelegate.h; sourceTree = "<group>"; };
		019F025218E1BE2900B66E7B /* MSAppDelegate.m */ = {isa = PBXFileReference; lastKnownFileType = sourcecode.c.objc; path = MSAppDelegate.m; sourceTree = "<group>"; };
		019F025518E1BE2900B66E7B /* Base */ = {isa = PBXFileReference; lastKnownFileType = file.storyboard; name = Base; path = Base.lproj/Main.storyboard; sourceTree = "<group>"; };
		019F025718E1BE2900B66E7B /* MSViewController.h */ = {isa = PBXFileReference; lastKnownFileType = sourcecode.c.h; path = MSViewController.h; sourceTree = "<group>"; };
		019F025818E1BE2900B66E7B /* MSViewController.m */ = {isa = PBXFileReference; lastKnownFileType = sourcecode.c.objc; path = MSViewController.m; sourceTree = "<group>"; };
		019F025A18E1BE2900B66E7B /* Images.xcassets */ = {isa = PBXFileReference; lastKnownFileType = folder.assetcatalog; path = Images.xcassets; sourceTree = "<group>"; };
		019F026018E1BE2900B66E7B /* MSLazyImageViewTests.xctest */ = {isa = PBXFileReference; explicitFileType = wrapper.cfbundle; includeInIndex = 0; path = MSLazyImageViewTests.xctest; sourceTree = BUILT_PRODUCTS_DIR; };
		019F026118E1BE2900B66E7B /* XCTest.framework */ = {isa = PBXFileReference; lastKnownFileType = wrapper.framework; name = XCTest.framework; path = Library/Frameworks/XCTest.framework; sourceTree = DEVELOPER_DIR; };
		019F026918E1BE2900B66E7B /* MSLazyImageViewTests-Info.plist */ = {isa = PBXFileReference; lastKnownFileType = text.plist.xml; path = "MSLazyImageViewTests-Info.plist"; sourceTree = "<group>"; };
		019F026B18E1BE2900B66E7B /* en */ = {isa = PBXFileReference; lastKnownFileType = text.plist.strings; name = en; path = en.lproj/InfoPlist.strings; sourceTree = "<group>"; };
		019F026D18E1BE2900B66E7B /* MSLazyImageViewTests.m */ = {isa = PBXFileReference; lastKnownFileType = sourcecode.c.objc; path = MSLazyImageViewTests.m; sourceTree = "<group>"; };
		019F027818E1C24E00B66E7B /* MSLazyImageView.h */ = {isa = PBXFileReference; fileEncoding = 4; lastKnownFileType = sourcecode.c.h; path = MSLazyImageView.h; sourceTree = "<group>"; };
		019F027918E1C24E00B66E7B /* MSLazyImageView.m */ = {isa = PBXFileReference; fileEncoding = 4; lastKnownFileType = sourcecode.c.objc; path = MSLazyImageView.m; sourceTree = "<group>"; };
/* End PBXFileReference section */

/* Begin PBXFrameworksBuildPhase section */
		019F023C18E1BE2900B66E7B /* Frameworks */ = {
			isa = PBXFrameworksBuildPhase;
			buildActionMask = 2147483647;
			files = (
				019F024518E1BE2900B66E7B /* CoreGraphics.framework in Frameworks */,
				019F024718E1BE2900B66E7B /* UIKit.framework in Frameworks */,
				019F024318E1BE2900B66E7B /* Foundation.framework in Frameworks */,
			);
			runOnlyForDeploymentPostprocessing = 0;
		};
		019F025D18E1BE2900B66E7B /* Frameworks */ = {
			isa = PBXFrameworksBuildPhase;
			buildActionMask = 2147483647;
			files = (
				019F026218E1BE2900B66E7B /* XCTest.framework in Frameworks */,
				019F026418E1BE2900B66E7B /* UIKit.framework in Frameworks */,
				019F026318E1BE2900B66E7B /* Foundation.framework in Frameworks */,
			);
			runOnlyForDeploymentPostprocessing = 0;
		};
/* End PBXFrameworksBuildPhase section */

/* Begin PBXGroup section */
		019F023618E1BE2900B66E7B = {
			isa = PBXGroup;
			children = (
				019F024818E1BE2900B66E7B /* MSLazyImageView */,
				019F026718E1BE2900B66E7B /* MSLazyImageViewTests */,
				019F024118E1BE2900B66E7B /* Frameworks */,
				019F024018E1BE2900B66E7B /* Products */,
			);
			sourceTree = "<group>";
		};
		019F024018E1BE2900B66E7B /* Products */ = {
			isa = PBXGroup;
			children = (
				019F023F18E1BE2900B66E7B /* MSLazyImageView.app */,
				019F026018E1BE2900B66E7B /* MSLazyImageViewTests.xctest */,
			);
			name = Products;
			sourceTree = "<group>";
		};
		019F024118E1BE2900B66E7B /* Frameworks */ = {
			isa = PBXGroup;
			children = (
				019F024218E1BE2900B66E7B /* Foundation.framework */,
				019F024418E1BE2900B66E7B /* CoreGraphics.framework */,
				019F024618E1BE2900B66E7B /* UIKit.framework */,
				019F026118E1BE2900B66E7B /* XCTest.framework */,
			);
			name = Frameworks;
			sourceTree = "<group>";
		};
		019F024818E1BE2900B66E7B /* MSLazyImageView */ = {
			isa = PBXGroup;
			children = (
				019F027718E1BE3600B66E7B /* Source */,
				019F025118E1BE2900B66E7B /* MSAppDelegate.h */,
				019F025218E1BE2900B66E7B /* MSAppDelegate.m */,
				019F025418E1BE2900B66E7B /* Main.storyboard */,
				019F025718E1BE2900B66E7B /* MSViewController.h */,
				019F025818E1BE2900B66E7B /* MSViewController.m */,
				019F025A18E1BE2900B66E7B /* Images.xcassets */,
				019F024918E1BE2900B66E7B /* Supporting Files */,
			);
			path = MSLazyImageView;
			sourceTree = "<group>";
		};
		019F024918E1BE2900B66E7B /* Supporting Files */ = {
			isa = PBXGroup;
			children = (
				019F024A18E1BE2900B66E7B /* MSLazyImageView-Info.plist */,
				019F024B18E1BE2900B66E7B /* InfoPlist.strings */,
				019F024E18E1BE2900B66E7B /* main.m */,
				019F025018E1BE2900B66E7B /* MSLazyImageView-Prefix.pch */,
			);
			name = "Supporting Files";
			sourceTree = "<group>";
		};
		019F026718E1BE2900B66E7B /* MSLazyImageViewTests */ = {
			isa = PBXGroup;
			children = (
				019F026D18E1BE2900B66E7B /* MSLazyImageViewTests.m */,
				019F026818E1BE2900B66E7B /* Supporting Files */,
			);
			path = MSLazyImageViewTests;
			sourceTree = "<group>";
		};
		019F026818E1BE2900B66E7B /* Supporting Files */ = {
			isa = PBXGroup;
			children = (
				019F026918E1BE2900B66E7B /* MSLazyImageViewTests-Info.plist */,
				019F026A18E1BE2900B66E7B /* InfoPlist.strings */,
			);
			name = "Supporting Files";
			sourceTree = "<group>";
		};
		019F027718E1BE3600B66E7B /* Source */ = {
			isa = PBXGroup;
			children = (
				019F027818E1C24E00B66E7B /* MSLazyImageView.h */,
				019F027918E1C24E00B66E7B /* MSLazyImageView.m */,
			);
			name = Source;
			sourceTree = "<group>";
		};
/* End PBXGroup section */

/* Begin PBXNativeTarget section */
		019F023E18E1BE2900B66E7B /* MSLazyImageView */ = {
			isa = PBXNativeTarget;
			buildConfigurationList = 019F027118E1BE2A00B66E7B /* Build configuration list for PBXNativeTarget "MSLazyImageView" */;
			buildPhases = (
				019F023B18E1BE2900B66E7B /* Sources */,
				019F023C18E1BE2900B66E7B /* Frameworks */,
				019F023D18E1BE2900B66E7B /* Resources */,
			);
			buildRules = (
			);
			dependencies = (
			);
			name = MSLazyImageView;
			productName = MSLazyImageView;
			productReference = 019F023F18E1BE2900B66E7B /* MSLazyImageView.app */;
			productType = "com.apple.product-type.application";
		};
		019F025F18E1BE2900B66E7B /* MSLazyImageViewTests */ = {
			isa = PBXNativeTarget;
			buildConfigurationList = 019F027418E1BE2A00B66E7B /* Build configuration list for PBXNativeTarget "MSLazyImageViewTests" */;
			buildPhases = (
				019F025C18E1BE2900B66E7B /* Sources */,
				019F025D18E1BE2900B66E7B /* Frameworks */,
				019F025E18E1BE2900B66E7B /* Resources */,
			);
			buildRules = (
			);
			dependencies = (
				019F026618E1BE2900B66E7B /* PBXTargetDependency */,
			);
			name = MSLazyImageViewTests;
			productName = MSLazyImageViewTests;
			productReference = 019F026018E1BE2900B66E7B /* MSLazyImageViewTests.xctest */;
			productType = "com.apple.product-type.bundle.unit-test";
		};
/* End PBXNativeTarget section */

/* Begin PBXProject section */
		019F023718E1BE2900B66E7B /* Project object */ = {
			isa = PBXProject;
			attributes = {
				CLASSPREFIX = MS;
				LastUpgradeCheck = 0510;
				ORGANIZATIONNAME = "Cory Wiles";
				TargetAttributes = {
					019F025F18E1BE2900B66E7B = {
						TestTargetID = 019F023E18E1BE2900B66E7B;
					};
				};
			};
			buildConfigurationList = 019F023A18E1BE2900B66E7B /* Build configuration list for PBXProject "MSLazyImageView" */;
			compatibilityVersion = "Xcode 3.2";
			developmentRegion = English;
			hasScannedForEncodings = 0;
			knownRegions = (
				en,
				Base,
			);
			mainGroup = 019F023618E1BE2900B66E7B;
			productRefGroup = 019F024018E1BE2900B66E7B /* Products */;
			projectDirPath = "";
			projectRoot = "";
			targets = (
				019F023E18E1BE2900B66E7B /* MSLazyImageView */,
				019F025F18E1BE2900B66E7B /* MSLazyImageViewTests */,
			);
		};
/* End PBXProject section */

/* Begin PBXResourcesBuildPhase section */
		019F023D18E1BE2900B66E7B /* Resources */ = {
			isa = PBXResourcesBuildPhase;
			buildActionMask = 2147483647;
			files = (
				019F025B18E1BE2900B66E7B /* Images.xcassets in Resources */,
				019F024D18E1BE2900B66E7B /* InfoPlist.strings in Resources */,
				019F025618E1BE2900B66E7B /* Main.storyboard in Resources */,
			);
			runOnlyForDeploymentPostprocessing = 0;
		};
		019F025E18E1BE2900B66E7B /* Resources */ = {
			isa = PBXResourcesBuildPhase;
			buildActionMask = 2147483647;
			files = (
				019F026C18E1BE2900B66E7B /* InfoPlist.strings in Resources */,
			);
			runOnlyForDeploymentPostprocessing = 0;
		};
/* End PBXResourcesBuildPhase section */

/* Begin PBXSourcesBuildPhase section */
		019F023B18E1BE2900B66E7B /* Sources */ = {
			isa = PBXSourcesBuildPhase;
			buildActionMask = 2147483647;
			files = (
				019F025318E1BE2900B66E7B /* MSAppDelegate.m in Sources */,
				019F025918E1BE2900B66E7B /* MSViewController.m in Sources */,
				019F027A18E1C24E00B66E7B /* MSLazyImageView.m in Sources */,
				019F024F18E1BE2900B66E7B /* main.m in Sources */,
			);
			runOnlyForDeploymentPostprocessing = 0;
		};
		019F025C18E1BE2900B66E7B /* Sources */ = {
			isa = PBXSourcesBuildPhase;
			buildActionMask = 2147483647;
			files = (
				019F026E18E1BE2900B66E7B /* MSLazyImageViewTests.m in Sources */,
			);
			runOnlyForDeploymentPostprocessing = 0;
		};
/* End PBXSourcesBuildPhase section */

/* Begin PBXTargetDependency section */
		019F026618E1BE2900B66E7B /* PBXTargetDependency */ = {
			isa = PBXTargetDependency;
			target = 019F023E18E1BE2900B66E7B /* MSLazyImageView */;
			targetProxy = 019F026518E1BE2900B66E7B /* PBXContainerItemProxy */;
		};
/* End PBXTargetDependency section */

/* Begin PBXVariantGroup section */
		019F024B18E1BE2900B66E7B /* InfoPlist.strings */ = {
			isa = PBXVariantGroup;
			children = (
				019F024C18E1BE2900B66E7B /* en */,
			);
			name = InfoPlist.strings;
			sourceTree = "<group>";
		};
		019F025418E1BE2900B66E7B /* Main.storyboard */ = {
			isa = PBXVariantGroup;
			children = (
				019F025518E1BE2900B66E7B /* Base */,
			);
			name = Main.storyboard;
			sourceTree = "<group>";
		};
		019F026A18E1BE2900B66E7B /* InfoPlist.strings */ = {
			isa = PBXVariantGroup;
			children = (
				019F026B18E1BE2900B66E7B /* en */,
			);
			name = InfoPlist.strings;
			sourceTree = "<group>";
		};
/* End PBXVariantGroup section */

/* Begin XCBuildConfiguration section */
		019F026F18E1BE2A00B66E7B /* Debug */ = {
			isa = XCBuildConfiguration;
			buildSettings = {
				ALWAYS_SEARCH_USER_PATHS = NO;
				CLANG_CXX_LANGUAGE_STANDARD = "gnu++0x";
				CLANG_CXX_LIBRARY = "libc++";
				CLANG_ENABLE_MODULES = YES;
				CLANG_ENABLE_OBJC_ARC = YES;
				CLANG_WARN_BOOL_CONVERSION = YES;
				CLANG_WARN_CONSTANT_CONVERSION = YES;
				CLANG_WARN_DIRECT_OBJC_ISA_USAGE = YES_ERROR;
				CLANG_WARN_EMPTY_BODY = YES;
				CLANG_WARN_ENUM_CONVERSION = YES;
				CLANG_WARN_INT_CONVERSION = YES;
				CLANG_WARN_OBJC_ROOT_CLASS = YES_ERROR;
				CLANG_WARN__DUPLICATE_METHOD_MATCH = YES;
				"CODE_SIGN_IDENTITY[sdk=iphoneos*]" = "iPhone Developer";
				COPY_PHASE_STRIP = NO;
				GCC_C_LANGUAGE_STANDARD = gnu99;
				GCC_DYNAMIC_NO_PIC = NO;
				GCC_OPTIMIZATION_LEVEL = 0;
				GCC_PREPROCESSOR_DEFINITIONS = (
					"DEBUG=1",
					"$(inherited)",
				);
				GCC_SYMBOLS_PRIVATE_EXTERN = NO;
				GCC_WARN_64_TO_32_BIT_CONVERSION = YES;
				GCC_WARN_ABOUT_RETURN_TYPE = YES_ERROR;
				GCC_WARN_UNDECLARED_SELECTOR = YES;
				GCC_WARN_UNINITIALIZED_AUTOS = YES_AGGRESSIVE;
				GCC_WARN_UNUSED_FUNCTION = YES;
				GCC_WARN_UNUSED_VARIABLE = YES;
				IPHONEOS_DEPLOYMENT_TARGET = 7.1;
				ONLY_ACTIVE_ARCH = YES;
				SDKROOT = iphoneos;
			};
			name = Debug;
		};
		019F027018E1BE2A00B66E7B /* Release */ = {
			isa = XCBuildConfiguration;
			buildSettings = {
				ALWAYS_SEARCH_USER_PATHS = NO;
				CLANG_CXX_LANGUAGE_STANDARD = "gnu++0x";
				CLANG_CXX_LIBRARY = "libc++";
				CLANG_ENABLE_MODULES = YES;
				CLANG_ENABLE_OBJC_ARC = YES;
				CLANG_WARN_BOOL_CONVERSION = YES;
				CLANG_WARN_CONSTANT_CONVERSION = YES;
				CLANG_WARN_DIRECT_OBJC_ISA_USAGE = YES_ERROR;
				CLANG_WARN_EMPTY_BODY = YES;
				CLANG_WARN_ENUM_CONVERSION = YES;
				CLANG_WARN_INT_CONVERSION = YES;
				CLANG_WARN_OBJC_ROOT_CLASS = YES_ERROR;
				CLANG_WARN__DUPLICATE_METHOD_MATCH = YES;
				"CODE_SIGN_IDENTITY[sdk=iphoneos*]" = "iPhone Developer";
				COPY_PHASE_STRIP = YES;
				ENABLE_NS_ASSERTIONS = NO;
				GCC_C_LANGUAGE_STANDARD = gnu99;
				GCC_WARN_64_TO_32_BIT_CONVERSION = YES;
				GCC_WARN_ABOUT_RETURN_TYPE = YES_ERROR;
				GCC_WARN_UNDECLARED_SELECTOR = YES;
				GCC_WARN_UNINITIALIZED_AUTOS = YES_AGGRESSIVE;
				GCC_WARN_UNUSED_FUNCTION = YES;
				GCC_WARN_UNUSED_VARIABLE = YES;
				IPHONEOS_DEPLOYMENT_TARGET = 7.1;
				SDKROOT = iphoneos;
				VALIDATE_PRODUCT = YES;
			};
			name = Release;
		};
		019F027218E1BE2A00B66E7B /* Debug */ = {
			isa = XCBuildConfiguration;
			buildSettings = {
				ASSETCATALOG_COMPILER_APPICON_NAME = AppIcon;
				ASSETCATALOG_COMPILER_LAUNCHIMAGE_NAME = LaunchImage;
				GCC_PRECOMPILE_PREFIX_HEADER = YES;
				GCC_PREFIX_HEADER = "MSLazyImageView/MSLazyImageView-Prefix.pch";
				INFOPLIST_FILE = "MSLazyImageView/MSLazyImageView-Info.plist";
				PRODUCT_NAME = "$(TARGET_NAME)";
				WRAPPER_EXTENSION = app;
			};
			name = Debug;
		};
		019F027318E1BE2A00B66E7B /* Release */ = {
			isa = XCBuildConfiguration;
			buildSettings = {
				ASSETCATALOG_COMPILER_APPICON_NAME = AppIcon;
				ASSETCATALOG_COMPILER_LAUNCHIMAGE_NAME = LaunchImage;
				GCC_PRECOMPILE_PREFIX_HEADER = YES;
				GCC_PREFIX_HEADER = "MSLazyImageView/MSLazyImageView-Prefix.pch";
				INFOPLIST_FILE = "MSLazyImageView/MSLazyImageView-Info.plist";
				PRODUCT_NAME = "$(TARGET_NAME)";
				WRAPPER_EXTENSION = app;
			};
			name = Release;
		};
		019F027518E1BE2A00B66E7B /* Debug */ = {
			isa = XCBuildConfiguration;
			buildSettings = {
				BUNDLE_LOADER = "$(BUILT_PRODUCTS_DIR)/MSLazyImageView.app/MSLazyImageView";
				FRAMEWORK_SEARCH_PATHS = (
					"$(SDKROOT)/Developer/Library/Frameworks",
					"$(inherited)",
					"$(DEVELOPER_FRAMEWORKS_DIR)",
				);
				GCC_PRECOMPILE_PREFIX_HEADER = YES;
				GCC_PREFIX_HEADER = "MSLazyImageView/MSLazyImageView-Prefix.pch";
				GCC_PREPROCESSOR_DEFINITIONS = (
					"DEBUG=1",
					"$(inherited)",
				);
				INFOPLIST_FILE = "MSLazyImageViewTests/MSLazyImageViewTests-Info.plist";
				PRODUCT_NAME = "$(TARGET_NAME)";
				TEST_HOST = "$(BUNDLE_LOADER)";
				WRAPPER_EXTENSION = xctest;
			};
			name = Debug;
		};
		019F027618E1BE2A00B66E7B /* Release */ = {
			isa = XCBuildConfiguration;
			buildSettings = {
				BUNDLE_LOADER = "$(BUILT_PRODUCTS_DIR)/MSLazyImageView.app/MSLazyImageView";
				FRAMEWORK_SEARCH_PATHS = (
					"$(SDKROOT)/Developer/Library/Frameworks",
					"$(inherited)",
					"$(DEVELOPER_FRAMEWORKS_DIR)",
				);
				GCC_PRECOMPILE_PREFIX_HEADER = YES;
				GCC_PREFIX_HEADER = "MSLazyImageView/MSLazyImageView-Prefix.pch";
				INFOPLIST_FILE = "MSLazyImageViewTests/MSLazyImageViewTests-Info.plist";
				PRODUCT_NAME = "$(TARGET_NAME)";
				TEST_HOST = "$(BUNDLE_LOADER)";
				WRAPPER_EXTENSION = xctest;
			};
			name = Release;
		};
/* End XCBuildConfiguration section */

/* Begin XCConfigurationList section */
		019F023A18E1BE2900B66E7B /* Build configuration list for PBXProject "MSLazyImageView" */ = {
			isa = XCConfigurationList;
			buildConfigurations = (
				019F026F18E1BE2A00B66E7B /* Debug */,
				019F027018E1BE2A00B66E7B /* Release */,
			);
			defaultConfigurationIsVisible = 0;
			defaultConfigurationName = Release;
		};
		019F027118E1BE2A00B66E7B /* Build configuration list for PBXNativeTarget "MSLazyImageView" */ = {
			isa = XCConfigurationList;
			buildConfigurations = (
				019F027218E1BE2A00B66E7B /* Debug */,
				019F027318E1BE2A00B66E7B /* Release */,
			);
			defaultConfigurationIsVisible = 0;
		};
		019F027418E1BE2A00B66E7B /* Build configuration list for PBXNativeTarget "MSLazyImageViewTests" */ = {
			isa = XCConfigurationList;
			buildConfigurations = (
				019F027518E1BE2A00B66E7B /* Debug */,
				019F027618E1BE2A00B66E7B /* Release */,
			);
			defaultConfigurationIsVisible = 0;
		};
/* End XCConfigurationList section */
	};
	rootObject = 019F023718E1BE2900B66E7B /* Project object */;
}
